
Microsoft Visual Studio Solution File, Format Version 12.00
# Visual Studio 15
VisualStudioVersion = 15.0.26430.6
MinimumVisualStudioVersion = 10.0.40219.1
Project("{8BC9CEB8-8B4A-11D0-8D11-00A0C91BC942}") = "GLUI", "GLUI\GLUI.vcxproj", "{737E80A8-C0AA-4157-90AB-39341310CECD}"
EndProject
Project("{8BC9CEB8-8B4A-11D0-8D11-00A0C91BC942}") = "Foundation", "Foundation\Foundation.vcxproj", "{41EBAE31-9C09-4FC9-B4C4-BFCA074E71DB}"
EndProject
Global
	GlobalSection(SolutionConfigurationPlatforms) = preSolution
		Debug|x64 = Debug|x64
		Debug|x86 = Debug|x86
		Release|x64 = Release|x64
		Release|x86 = Release|x86
	EndGlobalSection
	GlobalSection(ProjectConfigurationPlatforms) = postSolution
		{737E80A8-C0AA-4157-90AB-39341310CECD}.Debug|x64.ActiveCfg = Debug|x64
		{737E80A8-C0AA-4157-90AB-39341310CECD}.Debug|x64.Build.0 = Debug|x64
		{737E80A8-C0AA-4157-90AB-39341310CECD}.Debug|x86.ActiveCfg = Debug|x64
		{737E80A8-C0AA-4157-90AB-39341310CECD}.Release|x64.ActiveCfg = Release|x64
		{737E80A8-C0AA-4157-90AB-39341310CECD}.Release|x64.Build.0 = Release|x64
		{737E80A8-C0AA-4157-90AB-39341310CECD}.Release|x86.ActiveCfg = Release|x64
		{41EBAE31-9C09-4FC9-B4C4-BFCA074E71DB}.Debug|x64.ActiveCfg = Debug|x64
		{41EBAE31-9C09-4FC9-B4C4-BFCA074E71DB}.Debug|x64.Build.0 = Debug|x64
		{41EBAE31-9C09-4FC9-B4C4-BFCA074E71DB}.Debug|x86.ActiveCfg = Debug|Win32
		{41EBAE31-9C09-4FC9-B4C4-BFCA074E71DB}.Debug|x86.Build.0 = Debug|Win32
		{41EBAE31-9C09-4FC9-B4C4-BFCA074E71DB}.Release|x64.ActiveCfg = Release|x64
		{41EBAE31-9C09-4FC9-B4C4-BFCA074E71DB}.Release|x64.Build.0 = Release|x64
		{41EBAE31-9C09-4FC9-B4C4-BFCA074E71DB}.Release|x86.ActiveCfg = Release|Win32
		{41EBAE31-9C09-4FC9-B4C4-BFCA074E71DB}.Release|x86.Build.0 = Release|Win32
	EndGlobalSection
	GlobalSection(SolutionProperties) = preSolution
		HideSolutionNode = FALSE
	EndGlobalSection
	GlobalSection(ExtensibilityGlobals) = postSolution
		SolutionGuid = {4A545ACA-6911-4086-88C5-2436E6D5BC52}
	EndGlobalSection
EndGlobal
