
Microsoft Visual Studio Solution File, Format Version 12.00
# Visual Studio 15
VisualStudioVersion = 15.0.26430.6
MinimumVisualStudioVersion = 10.0.40219.1
Project("{8BC9CEB8-8B4A-11D0-8D11-00A0C91BC942}") = "GLUI", "GLUI\GLUI.vcxproj", "{737E80A8-C0AA-4157-90AB-39341310CECD}"
EndProject
Project("{8BC9CEB8-8B4A-11D0-8D11-00A0C91BC942}") = "Foundation", "Foundation\Foundation.vcxproj", "{41EBAE31-9C09-4FC9-B4C4-BFCA074E71DB}"
EndProject
Project("{8BC9CEB8-8B4A-11D0-8D11-00A0C91BC942}") = "Foundation.Test", "Foundation.Test\Foundation.Test.vcxproj", "{934A2E5A-F873-4328-9301-32841C2C5A37}"
EndProject
Project("{8BC9CEB8-8B4A-11D0-8D11-00A0C91BC942}") = "Json4CPP", "Json4CPP\Json4CPP.vcxproj", "{5A1A5B04-E299-4A68-8305-5A3BE3F79012}"
EndProject
Global
	GlobalSection(SolutionConfigurationPlatforms) = preSolution
		Debug|x64 = Debug|x64
		Release|x64 = Release|x64
	EndGlobalSection
	GlobalSection(ProjectConfigurationPlatforms) = postSolution
		{737E80A8-C0AA-4157-90AB-39341310CECD}.Debug|x64.ActiveCfg = Debug|x64
		{737E80A8-C0AA-4157-90AB-39341310CECD}.Debug|x64.Build.0 = Debug|x64
		{737E80A8-C0AA-4157-90AB-39341310CECD}.Release|x64.ActiveCfg = Release|x64
		{737E80A8-C0AA-4157-90AB-39341310CECD}.Release|x64.Build.0 = Release|x64
		{41EBAE31-9C09-4FC9-B4C4-BFCA074E71DB}.Debug|x64.ActiveCfg = Debug|x64
		{41EBAE31-9C09-4FC9-B4C4-BFCA074E71DB}.Debug|x64.Build.0 = Debug|x64
		{41EBAE31-9C09-4FC9-B4C4-BFCA074E71DB}.Release|x64.ActiveCfg = Release|x64
		{41EBAE31-9C09-4FC9-B4C4-BFCA074E71DB}.Release|x64.Build.0 = Release|x64
		{934A2E5A-F873-4328-9301-32841C2C5A37}.Debug|x64.ActiveCfg = Debug|x64
		{934A2E5A-F873-4328-9301-32841C2C5A37}.Debug|x64.Build.0 = Debug|x64
		{934A2E5A-F873-4328-9301-32841C2C5A37}.Release|x64.ActiveCfg = Release|x64
		{934A2E5A-F873-4328-9301-32841C2C5A37}.Release|x64.Build.0 = Release|x64
		{5A1A5B04-E299-4A68-8305-5A3BE3F79012}.Debug|x64.ActiveCfg = Debug|x64
		{5A1A5B04-E299-4A68-8305-5A3BE3F79012}.Debug|x64.Build.0 = Debug|x64
		{5A1A5B04-E299-4A68-8305-5A3BE3F79012}.Release|x64.ActiveCfg = Release|x64
		{5A1A5B04-E299-4A68-8305-5A3BE3F79012}.Release|x64.Build.0 = Release|x64
	EndGlobalSection
	GlobalSection(SolutionProperties) = preSolution
		HideSolutionNode = FALSE
	EndGlobalSection
	GlobalSection(ExtensibilityGlobals) = postSolution
		SolutionGuid = {4A545ACA-6911-4086-88C5-2436E6D5BC52}
	EndGlobalSection
EndGlobal
